
Microsoft Visual Studio Solution File, Format Version 12.00
# Visual Studio 15
Project("{FAE04EC0-301F-11D3-BF4B-00C04F79EFBC}") = "FlappyBirdFromGDT", "UnityGameFramework.Runtime.csproj", "{5ECE41E3-BDDD-910A-53EC-158E26E3805C}"
EndProject
Project("{FAE04EC0-301F-11D3-BF4B-00C04F79EFBC}") = "FlappyBirdFromGDT", "Assembly-CSharp.csproj", "{C4F32CFB-7FCD-A6FE-3211-D15BA1B95FE3}"
EndProject
Project("{FAE04EC0-301F-11D3-BF4B-00C04F79EFBC}") = "FlappyBirdFromGDT", "UnityGameFramework.Editor.csproj", "{99294C2E-8943-5CCE-0A7D-87C3C1C28010}"
EndProject
Project("{FAE04EC0-301F-11D3-BF4B-00C04F79EFBC}") = "FlappyBirdFromGDT", "Assembly-CSharp-Editor.csproj", "{FD0ACB7F-E313-1FBC-B862-D4A8B9835292}"
EndProject
Global
	GlobalSection(SolutionConfigurationPlatforms) = preSolution
		Debug|Any CPU = Debug|Any CPU
		Release|Any CPU = Release|Any CPU
	EndGlobalSection
	GlobalSection(ProjectConfigurationPlatforms) = postSolution
		{5ECE41E3-BDDD-910A-53EC-158E26E3805C}.Debug|Any CPU.ActiveCfg = Debug|Any CPU
		{5ECE41E3-BDDD-910A-53EC-158E26E3805C}.Debug|Any CPU.Build.0 = Debug|Any CPU
		{5ECE41E3-BDDD-910A-53EC-158E26E3805C}.Release|Any CPU.ActiveCfg = Release|Any CPU
		{5ECE41E3-BDDD-910A-53EC-158E26E3805C}.Release|Any CPU.Build.0 = Release|Any CPU
		{C4F32CFB-7FCD-A6FE-3211-D15BA1B95FE3}.Debug|Any CPU.ActiveCfg = Debug|Any CPU
		{C4F32CFB-7FCD-A6FE-3211-D15BA1B95FE3}.Debug|Any CPU.Build.0 = Debug|Any CPU
		{C4F32CFB-7FCD-A6FE-3211-D15BA1B95FE3}.Release|Any CPU.ActiveCfg = Release|Any CPU
		{C4F32CFB-7FCD-A6FE-3211-D15BA1B95FE3}.Release|Any CPU.Build.0 = Release|Any CPU
		{99294C2E-8943-5CCE-0A7D-87C3C1C28010}.Debug|Any CPU.ActiveCfg = Debug|Any CPU
		{99294C2E-8943-5CCE-0A7D-87C3C1C28010}.Debug|Any CPU.Build.0 = Debug|Any CPU
		{99294C2E-8943-5CCE-0A7D-87C3C1C28010}.Release|Any CPU.ActiveCfg = Release|Any CPU
		{99294C2E-8943-5CCE-0A7D-87C3C1C28010}.Release|Any CPU.Build.0 = Release|Any CPU
		{FD0ACB7F-E313-1FBC-B862-D4A8B9835292}.Debug|Any CPU.ActiveCfg = Debug|Any CPU
		{FD0ACB7F-E313-1FBC-B862-D4A8B9835292}.Debug|Any CPU.Build.0 = Debug|Any CPU
		{FD0ACB7F-E313-1FBC-B862-D4A8B9835292}.Release|Any CPU.ActiveCfg = Release|Any CPU
		{FD0ACB7F-E313-1FBC-B862-D4A8B9835292}.Release|Any CPU.Build.0 = Release|Any CPU
	EndGlobalSection
	GlobalSection(SolutionProperties) = preSolution
		HideSolutionNode = FALSE
	EndGlobalSection
EndGlobal
